{
  "name": "@pectin/core",
  "version": "1.0.0",
  "lockfileVersion": 1,
  "requires": true,
  "dependencies": {
    "balanced-match": {
      "version": "1.0.0",
      "resolved": "http://znpm.in.zillow.net:31050/b/balanced-match/_attachments/balanced-match-1.0.0.tgz",
      "integrity": "sha1-ibTRmasr7kneFk6gK4nORi1xt2c="
    },
    "brace-expansion": {
      "version": "1.1.11",
      "resolved": "http://znpm.in.zillow.net:31050/b/brace-expansion/_attachments/brace-expansion-1.1.11.tgz",
      "integrity": "sha512-iCuPHDFgrHX7H2vEI/5xpz07zSHB00TpugqhmYtVmMO6518mCuRMoOYFldEBl0g187ufozdaHgWKcYFb61qGiA==",
      "requires": {
        "balanced-match": "^1.0.0",
        "concat-map": "0.0.1"
      }
    },
    "concat-map": {
      "version": "0.0.1",
      "resolved": "http://znpm.in.zillow.net:31050/c/concat-map/_attachments/concat-map-0.0.1.tgz",
      "integrity": "sha1-2Klr13/Wjfd5OnMDajug1UBdR3s="
    },
    "estree-walker": {
      "version": "0.2.1",
      "resolved": "http://znpm.in.zillow.net:31050/e/estree-walker/_attachments/estree-walker-0.2.1.tgz",
      "integrity": "sha1-va/oCVOD2EFNXcLs9MkXO225QS4="
    },
    "minimatch": {
      "version": "3.0.4",
      "resolved": "http://znpm.in.zillow.net:31050/m/minimatch/_attachments/minimatch-3.0.4.tgz",
      "integrity": "sha512-yJHVQEhyqPLUTgt9B83PXu6W3rx4MvvHvSUvToogpwoGDOUQ+yDrR0HRot+yOCdCO7u4hX3pWft6kWBBcqh0UA==",
      "requires": {
        "brace-expansion": "^1.1.7"
      }
    },
    "rollup-plugin-svg": {
      "version": "1.0.1",
      "resolved": "http://znpm.in.zillow.net:31050/r/rollup-plugin-svg/_attachments/rollup-plugin-svg-1.0.1.tgz",
      "integrity": "sha1-neQ5Q87+rLndsJs+qN253mVS7eE=",
      "requires": {
        "rollup-pluginutils": "^1.3.1"
      }
    },
    "rollup-pluginutils": {
      "version": "1.5.2",
      "resolved": "http://znpm.in.zillow.net:31050/r/rollup-pluginutils/_attachments/rollup-pluginutils-1.5.2.tgz",
      "integrity": "sha1-HhVud4+UtyVb+hs9AXi+j1xVJAg=",
      "requires": {
        "estree-walker": "^0.2.1",
        "minimatch": "^3.0.2"
      }
    }
  }
}
